
Microsoft Visual Studio Solution File, Format Version 11.00
# Visual Studio 2010
Project("{FAE04EC0-301F-11D3-BF4B-00C04F79EFBC}") = "EvernoteOAuthNet", "EvernoteOAuthNet\EvernoteOAuthNet.csproj", "{D98E0824-0A4A-4105-8F76-1CAC1D91FFCE}"
EndProject
Global
	GlobalSection(SolutionConfigurationPlatforms) = preSolution
		Debug|Any CPU = Debug|Any CPU
		Release|Any CPU = Release|Any CPU
	EndGlobalSection
	GlobalSection(ProjectConfigurationPlatforms) = postSolution
		{D98E0824-0A4A-4105-8F76-1CAC1D91FFCE}.Debug|Any CPU.ActiveCfg = Debug|Any CPU
		{D98E0824-0A4A-4105-8F76-1CAC1D91FFCE}.Debug|Any CPU.Build.0 = Debug|Any CPU
		{D98E0824-0A4A-4105-8F76-1CAC1D91FFCE}.Release|Any CPU.ActiveCfg = Release|Any CPU
		{D98E0824-0A4A-4105-8F76-1CAC1D91FFCE}.Release|Any CPU.Build.0 = Release|Any CPU
	EndGlobalSection
	GlobalSection(SolutionProperties) = preSolution
		HideSolutionNode = FALSE
	EndGlobalSection
EndGlobal
