
Microsoft Visual Studio Solution File, Format Version 12.00
# Visual Studio 2013
VisualStudioVersion = 12.0.30723.0
MinimumVisualStudioVersion = 10.0.40219.1
Project("{FAE04EC0-301F-11D3-BF4B-00C04F79EFBC}") = "EvernoteSDK", "EvernoteSDK\EvernoteSDK.csproj", "{EFB2706A-EE60-4B33-ABD4-695B509F277B}"
EndProject
Project("{54435603-DBB4-11D2-8724-00A0C9A8B90C}") = "EvernoteSDK_COMSetup", "EvernoteSDK_COMSetup\EvernoteSDK_COMSetup.vdproj", "{1AB456C0-75F7-4606-A6C3-258F088D6B07}"
EndProject
Global
	GlobalSection(SolutionConfigurationPlatforms) = preSolution
		Debug|Any CPU = Debug|Any CPU
		Release|Any CPU = Release|Any CPU
	EndGlobalSection
	GlobalSection(ProjectConfigurationPlatforms) = postSolution
		{EFB2706A-EE60-4B33-ABD4-695B509F277B}.Debug|Any CPU.ActiveCfg = Debug|Any CPU
		{EFB2706A-EE60-4B33-ABD4-695B509F277B}.Debug|Any CPU.Build.0 = Debug|Any CPU
		{EFB2706A-EE60-4B33-ABD4-695B509F277B}.Release|Any CPU.ActiveCfg = Release|Any CPU
		{EFB2706A-EE60-4B33-ABD4-695B509F277B}.Release|Any CPU.Build.0 = Release|Any CPU
		{1AB456C0-75F7-4606-A6C3-258F088D6B07}.Debug|Any CPU.ActiveCfg = Debug
		{1AB456C0-75F7-4606-A6C3-258F088D6B07}.Debug|Any CPU.Build.0 = Debug
		{1AB456C0-75F7-4606-A6C3-258F088D6B07}.Release|Any CPU.ActiveCfg = Release
		{1AB456C0-75F7-4606-A6C3-258F088D6B07}.Release|Any CPU.Build.0 = Release
	EndGlobalSection
	GlobalSection(SolutionProperties) = preSolution
		HideSolutionNode = FALSE
	EndGlobalSection
EndGlobal
